
Microsoft Visual Studio Solution File, Format Version 12.00
# Visual Studio Version 16
VisualStudioVersion = 16.0.29613.14
MinimumVisualStudioVersion = 10.0.40219.1
Project("{2150E333-8FDC-42A3-9474-1A3956D46DE8}") = "1 - Presentation", "1 - Presentation", "{7A305AE9-E960-49FD-B2DC-C4EFDC1D2A31}"
EndProject
Project("{2150E333-8FDC-42A3-9474-1A3956D46DE8}") = "2 - Service", "2 - Service", "{FB46F151-DF88-4EED-BD04-3B111C04A05D}"
EndProject
Project("{2150E333-8FDC-42A3-9474-1A3956D46DE8}") = "3 - Application", "3 - Application", "{80C4206E-B59D-4BDF-A52A-C8C81BB3B664}"
EndProject
Project("{2150E333-8FDC-42A3-9474-1A3956D46DE8}") = "4 - Domain", "4 - Domain", "{1D29CE5A-3832-4017-A4B0-6C9A44200FB0}"
EndProject
Project("{2150E333-8FDC-42A3-9474-1A3956D46DE8}") = "5 - Infra", "5 - Infra", "{F409CC38-5FB9-4766-8FC8-57BB47768810}"
EndProject
Project("{2150E333-8FDC-42A3-9474-1A3956D46DE8}") = "5.1 - Data", "5.1 - Data", "{3577337D-3DCE-4C74-AE8E-0FDFDAEA8C4D}"
EndProject
Project("{2150E333-8FDC-42A3-9474-1A3956D46DE8}") = "5.2 - CrossCutting", "5.2 - CrossCutting", "{245EDD7D-3C4B-4422-9CF2-5B9978DCD22F}"
EndProject
Project("{9A19103F-16F7-4668-BE54-9A1E7A4F7556}") = "CTT-PORTUGAL.Service.Api", "src\CTT-PORTUGAL.Service.Api\CTT-PORTUGAL.Service.Api.csproj", "{CEFC8C84-2FFB-470C-8148-45757E1BDBB1}"
EndProject
Project("{9A19103F-16F7-4668-BE54-9A1E7A4F7556}") = "CTT-PORTUGAL.Infra.Data", "src\CTT-PORTUGAL.Infra.Data\CTT-PORTUGAL.Infra.Data.csproj", "{8C5182EE-8BAF-4485-B4DC-566BAB892777}"
EndProject
Project("{9A19103F-16F7-4668-BE54-9A1E7A4F7556}") = "CTT-PORTUGAL.Infra.Identity", "src\CTT-PORTUGAL.Infra.Identity\CTT-PORTUGAL.Infra.Identity.csproj", "{8BB775EE-C2C3-4458-B304-DA8558F992BA}"
EndProject
Project("{9A19103F-16F7-4668-BE54-9A1E7A4F7556}") = "CTT-PORTUGAL.Infra.IoC", "src\CTT-PORTUGAL.Infra.IoC\CTT-PORTUGAL.Infra.IoC.csproj", "{127B2763-8A44-472F-813F-22246ABDB2CA}"
EndProject
Project("{9A19103F-16F7-4668-BE54-9A1E7A4F7556}") = "CTT-PORTUGAL.Domain", "src\CTT-PORTUGAL.Domain\CTT-PORTUGAL.Domain.csproj", "{43736716-6C6A-497F-8219-5E22821733F0}"
EndProject
Project("{9A19103F-16F7-4668-BE54-9A1E7A4F7556}") = "CTT-PORTUGAL.Application", "src\CTT-PORTUGAL.Application\CTT-PORTUGAL.Application.csproj", "{4D10CE58-24CA-4846-BF01-06021578E504}"
EndProject
Project("{FAE04EC0-301F-11D3-BF4B-00C04F79EFBC}") = "CTT.Service.Api", "src\CTT.Service.Api\CTT.Service.Api.csproj", "{2B7E1318-A3D5-4357-B63E-BABE5FB898CB}"
EndProject
Global
	GlobalSection(SolutionConfigurationPlatforms) = preSolution
		Debug|Any CPU = Debug|Any CPU
		Release|Any CPU = Release|Any CPU
	EndGlobalSection
	GlobalSection(ProjectConfigurationPlatforms) = postSolution
		{CEFC8C84-2FFB-470C-8148-45757E1BDBB1}.Debug|Any CPU.ActiveCfg = Debug|Any CPU
		{CEFC8C84-2FFB-470C-8148-45757E1BDBB1}.Debug|Any CPU.Build.0 = Debug|Any CPU
		{CEFC8C84-2FFB-470C-8148-45757E1BDBB1}.Release|Any CPU.ActiveCfg = Release|Any CPU
		{CEFC8C84-2FFB-470C-8148-45757E1BDBB1}.Release|Any CPU.Build.0 = Release|Any CPU
		{8C5182EE-8BAF-4485-B4DC-566BAB892777}.Debug|Any CPU.ActiveCfg = Debug|Any CPU
		{8C5182EE-8BAF-4485-B4DC-566BAB892777}.Debug|Any CPU.Build.0 = Debug|Any CPU
		{8C5182EE-8BAF-4485-B4DC-566BAB892777}.Release|Any CPU.ActiveCfg = Release|Any CPU
		{8C5182EE-8BAF-4485-B4DC-566BAB892777}.Release|Any CPU.Build.0 = Release|Any CPU
		{8BB775EE-C2C3-4458-B304-DA8558F992BA}.Debug|Any CPU.ActiveCfg = Debug|Any CPU
		{8BB775EE-C2C3-4458-B304-DA8558F992BA}.Debug|Any CPU.Build.0 = Debug|Any CPU
		{8BB775EE-C2C3-4458-B304-DA8558F992BA}.Release|Any CPU.ActiveCfg = Release|Any CPU
		{8BB775EE-C2C3-4458-B304-DA8558F992BA}.Release|Any CPU.Build.0 = Release|Any CPU
		{127B2763-8A44-472F-813F-22246ABDB2CA}.Debug|Any CPU.ActiveCfg = Debug|Any CPU
		{127B2763-8A44-472F-813F-22246ABDB2CA}.Debug|Any CPU.Build.0 = Debug|Any CPU
		{127B2763-8A44-472F-813F-22246ABDB2CA}.Release|Any CPU.ActiveCfg = Release|Any CPU
		{127B2763-8A44-472F-813F-22246ABDB2CA}.Release|Any CPU.Build.0 = Release|Any CPU
		{43736716-6C6A-497F-8219-5E22821733F0}.Debug|Any CPU.ActiveCfg = Debug|Any CPU
		{43736716-6C6A-497F-8219-5E22821733F0}.Debug|Any CPU.Build.0 = Debug|Any CPU
		{43736716-6C6A-497F-8219-5E22821733F0}.Release|Any CPU.ActiveCfg = Release|Any CPU
		{43736716-6C6A-497F-8219-5E22821733F0}.Release|Any CPU.Build.0 = Release|Any CPU
		{4D10CE58-24CA-4846-BF01-06021578E504}.Debug|Any CPU.ActiveCfg = Debug|Any CPU
		{4D10CE58-24CA-4846-BF01-06021578E504}.Debug|Any CPU.Build.0 = Debug|Any CPU
		{4D10CE58-24CA-4846-BF01-06021578E504}.Release|Any CPU.ActiveCfg = Release|Any CPU
		{4D10CE58-24CA-4846-BF01-06021578E504}.Release|Any CPU.Build.0 = Release|Any CPU
		{2B7E1318-A3D5-4357-B63E-BABE5FB898CB}.Debug|Any CPU.ActiveCfg = Debug|Any CPU
		{2B7E1318-A3D5-4357-B63E-BABE5FB898CB}.Debug|Any CPU.Build.0 = Debug|Any CPU
		{2B7E1318-A3D5-4357-B63E-BABE5FB898CB}.Release|Any CPU.ActiveCfg = Release|Any CPU
		{2B7E1318-A3D5-4357-B63E-BABE5FB898CB}.Release|Any CPU.Build.0 = Release|Any CPU
	EndGlobalSection
	GlobalSection(SolutionProperties) = preSolution
		HideSolutionNode = FALSE
	EndGlobalSection
	GlobalSection(NestedProjects) = preSolution
		{3577337D-3DCE-4C74-AE8E-0FDFDAEA8C4D} = {F409CC38-5FB9-4766-8FC8-57BB47768810}
		{245EDD7D-3C4B-4422-9CF2-5B9978DCD22F} = {F409CC38-5FB9-4766-8FC8-57BB47768810}
		{CEFC8C84-2FFB-470C-8148-45757E1BDBB1} = {FB46F151-DF88-4EED-BD04-3B111C04A05D}
		{8C5182EE-8BAF-4485-B4DC-566BAB892777} = {3577337D-3DCE-4C74-AE8E-0FDFDAEA8C4D}
		{8BB775EE-C2C3-4458-B304-DA8558F992BA} = {245EDD7D-3C4B-4422-9CF2-5B9978DCD22F}
		{127B2763-8A44-472F-813F-22246ABDB2CA} = {245EDD7D-3C4B-4422-9CF2-5B9978DCD22F}
		{43736716-6C6A-497F-8219-5E22821733F0} = {1D29CE5A-3832-4017-A4B0-6C9A44200FB0}
		{4D10CE58-24CA-4846-BF01-06021578E504} = {80C4206E-B59D-4BDF-A52A-C8C81BB3B664}
		{2B7E1318-A3D5-4357-B63E-BABE5FB898CB} = {FB46F151-DF88-4EED-BD04-3B111C04A05D}
	EndGlobalSection
	GlobalSection(ExtensibilityGlobals) = postSolution
		SolutionGuid = {65417FC4-6040-4B44-82A9-7BF110AEA0C4}
	EndGlobalSection
EndGlobal
